
Microsoft Visual Studio Solution File, Format Version 12.00
# Visual Studio Version 17
VisualStudioVersion = 17.3.32804.467
MinimumVisualStudioVersion = 10.0.40219.1
Project("{9A19103F-16F7-4668-BE54-9A1E7A4F7556}") = "WebPresenceBFF", "WebPresenceBFF\WebPresenceBFF.csproj", "{6EB18026-1461-4DE5-9E29-F9B06410AE8D}"
EndProject
Project("{9A19103F-16F7-4668-BE54-9A1E7A4F7556}") = "HypertheoryMessages", "..\..\HypertheoryMessages\HypertheoryMessages.csproj", "{805A1035-DCEB-4C70-B2E3-1AD98BB98F87}"
EndProject
Global
	GlobalSection(SolutionConfigurationPlatforms) = preSolution
		Debug|Any CPU = Debug|Any CPU
		Release|Any CPU = Release|Any CPU
	EndGlobalSection
	GlobalSection(ProjectConfigurationPlatforms) = postSolution
		{6EB18026-1461-4DE5-9E29-F9B06410AE8D}.Debug|Any CPU.ActiveCfg = Debug|Any CPU
		{6EB18026-1461-4DE5-9E29-F9B06410AE8D}.Debug|Any CPU.Build.0 = Debug|Any CPU
		{6EB18026-1461-4DE5-9E29-F9B06410AE8D}.Release|Any CPU.ActiveCfg = Release|Any CPU
		{6EB18026-1461-4DE5-9E29-F9B06410AE8D}.Release|Any CPU.Build.0 = Release|Any CPU
		{805A1035-DCEB-4C70-B2E3-1AD98BB98F87}.Debug|Any CPU.ActiveCfg = Debug|Any CPU
		{805A1035-DCEB-4C70-B2E3-1AD98BB98F87}.Debug|Any CPU.Build.0 = Debug|Any CPU
		{805A1035-DCEB-4C70-B2E3-1AD98BB98F87}.Release|Any CPU.ActiveCfg = Release|Any CPU
		{805A1035-DCEB-4C70-B2E3-1AD98BB98F87}.Release|Any CPU.Build.0 = Release|Any CPU
	EndGlobalSection
	GlobalSection(SolutionProperties) = preSolution
		HideSolutionNode = FALSE
	EndGlobalSection
	GlobalSection(ExtensibilityGlobals) = postSolution
		SolutionGuid = {F7CCEA62-8EAA-4DEC-BEB0-CBFADC89F31A}
	EndGlobalSection
EndGlobal
